
Microsoft Visual Studio Solution File, Format Version 12.00
# Visual Studio Version 17
VisualStudioVersion = 17.0.31903.59
MinimumVisualStudioVersion = 10.0.40219.1
Project("{FAE04EC0-301F-11D3-BF4B-00C04F79EFBC}") = "API", "API\API.csproj", "{9EF285C2-5A01-4C6F-A38D-B1BB4A1B4AEE}"
EndProject
Project("{FAE04EC0-301F-11D3-BF4B-00C04F79EFBC}") = "App", "App\App.csproj", "{98D5A43C-134D-4FAA-A3A6-1EF714AD5EA9}"
EndProject
Project("{FAE04EC0-301F-11D3-BF4B-00C04F79EFBC}") = "Domain", "Domain\Domain.csproj", "{3E88499E-3EC2-4C36-97B6-544D57666E0D}"
EndProject
Project("{FAE04EC0-301F-11D3-BF4B-00C04F79EFBC}") = "Persistence", "Persistence\Persistence.csproj", "{C1F3AFAF-30EC-48F1-A552-980EC0D4C5E8}"
EndProject
Global
	GlobalSection(SolutionConfigurationPlatforms) = preSolution
		Debug|Any CPU = Debug|Any CPU
		Release|Any CPU = Release|Any CPU
	EndGlobalSection
	GlobalSection(SolutionProperties) = preSolution
		HideSolutionNode = FALSE
	EndGlobalSection
	GlobalSection(ProjectConfigurationPlatforms) = postSolution
		{9EF285C2-5A01-4C6F-A38D-B1BB4A1B4AEE}.Debug|Any CPU.ActiveCfg = Debug|Any CPU
		{9EF285C2-5A01-4C6F-A38D-B1BB4A1B4AEE}.Debug|Any CPU.Build.0 = Debug|Any CPU
		{9EF285C2-5A01-4C6F-A38D-B1BB4A1B4AEE}.Release|Any CPU.ActiveCfg = Release|Any CPU
		{9EF285C2-5A01-4C6F-A38D-B1BB4A1B4AEE}.Release|Any CPU.Build.0 = Release|Any CPU
		{98D5A43C-134D-4FAA-A3A6-1EF714AD5EA9}.Debug|Any CPU.ActiveCfg = Debug|Any CPU
		{98D5A43C-134D-4FAA-A3A6-1EF714AD5EA9}.Debug|Any CPU.Build.0 = Debug|Any CPU
		{98D5A43C-134D-4FAA-A3A6-1EF714AD5EA9}.Release|Any CPU.ActiveCfg = Release|Any CPU
		{98D5A43C-134D-4FAA-A3A6-1EF714AD5EA9}.Release|Any CPU.Build.0 = Release|Any CPU
		{3E88499E-3EC2-4C36-97B6-544D57666E0D}.Debug|Any CPU.ActiveCfg = Debug|Any CPU
		{3E88499E-3EC2-4C36-97B6-544D57666E0D}.Debug|Any CPU.Build.0 = Debug|Any CPU
		{3E88499E-3EC2-4C36-97B6-544D57666E0D}.Release|Any CPU.ActiveCfg = Release|Any CPU
		{3E88499E-3EC2-4C36-97B6-544D57666E0D}.Release|Any CPU.Build.0 = Release|Any CPU
		{C1F3AFAF-30EC-48F1-A552-980EC0D4C5E8}.Debug|Any CPU.ActiveCfg = Debug|Any CPU
		{C1F3AFAF-30EC-48F1-A552-980EC0D4C5E8}.Debug|Any CPU.Build.0 = Debug|Any CPU
		{C1F3AFAF-30EC-48F1-A552-980EC0D4C5E8}.Release|Any CPU.ActiveCfg = Release|Any CPU
		{C1F3AFAF-30EC-48F1-A552-980EC0D4C5E8}.Release|Any CPU.Build.0 = Release|Any CPU
	EndGlobalSection
EndGlobal
